
Microsoft Visual Studio Solution File, Format Version 12.00
# Visual Studio 15
VisualStudioVersion = 15.0.26730.15
MinimumVisualStudioVersion = 10.0.40219.1
Project("{9A19103F-16F7-4668-BE54-9A1E7A4F7556}") = "AuthServer", "AuthServer\AuthServer.csproj", "{BE9F8237-C98E-42E0-A81C-4C482BC2745D}"
EndProject
Project("{9A19103F-16F7-4668-BE54-9A1E7A4F7556}") = "DomainModel", "DomainModel\DomainModel.csproj", "{1B72BEDA-2716-4218-93E5-12E9B72963A7}"
EndProject
Project("{9A19103F-16F7-4668-BE54-9A1E7A4F7556}") = "API", "API\API.csproj", "{4ED1C316-699C-4F6F-93CD-E22CCFFFC2C5}"
EndProject
Global
	GlobalSection(SolutionConfigurationPlatforms) = preSolution
		Debug|Any CPU = Debug|Any CPU
		Release|Any CPU = Release|Any CPU
	EndGlobalSection
	GlobalSection(ProjectConfigurationPlatforms) = postSolution
		{BE9F8237-C98E-42E0-A81C-4C482BC2745D}.Debug|Any CPU.ActiveCfg = Debug|Any CPU
		{BE9F8237-C98E-42E0-A81C-4C482BC2745D}.Debug|Any CPU.Build.0 = Debug|Any CPU
		{BE9F8237-C98E-42E0-A81C-4C482BC2745D}.Release|Any CPU.ActiveCfg = Release|Any CPU
		{BE9F8237-C98E-42E0-A81C-4C482BC2745D}.Release|Any CPU.Build.0 = Release|Any CPU
		{1B72BEDA-2716-4218-93E5-12E9B72963A7}.Debug|Any CPU.ActiveCfg = Debug|Any CPU
		{1B72BEDA-2716-4218-93E5-12E9B72963A7}.Debug|Any CPU.Build.0 = Debug|Any CPU
		{1B72BEDA-2716-4218-93E5-12E9B72963A7}.Release|Any CPU.ActiveCfg = Release|Any CPU
		{1B72BEDA-2716-4218-93E5-12E9B72963A7}.Release|Any CPU.Build.0 = Release|Any CPU
		{4ED1C316-699C-4F6F-93CD-E22CCFFFC2C5}.Debug|Any CPU.ActiveCfg = Debug|Any CPU
		{4ED1C316-699C-4F6F-93CD-E22CCFFFC2C5}.Debug|Any CPU.Build.0 = Debug|Any CPU
		{4ED1C316-699C-4F6F-93CD-E22CCFFFC2C5}.Release|Any CPU.ActiveCfg = Release|Any CPU
		{4ED1C316-699C-4F6F-93CD-E22CCFFFC2C5}.Release|Any CPU.Build.0 = Release|Any CPU
	EndGlobalSection
	GlobalSection(SolutionProperties) = preSolution
		HideSolutionNode = FALSE
	EndGlobalSection
	GlobalSection(ExtensibilityGlobals) = postSolution
		SolutionGuid = {49CA4813-9A82-4C28-BFF2-FD8EDEDC24AF}
	EndGlobalSection
EndGlobal
